
Microsoft Visual Studio Solution File, Format Version 12.00
# Visual Studio Version 16
VisualStudioVersion = 16.0.32901.82
MinimumVisualStudioVersion = 10.0.40219.1
Project("{FAE04EC0-301F-11D3-BF4B-00C04F79EFBC}") = "7", "7\7.csproj", "{8EECC46C-B9B3-4C2F-B69B-9B919223CA59}"
EndProject
Global
	GlobalSection(SolutionConfigurationPlatforms) = preSolution
		Debug|Any CPU = Debug|Any CPU
		Release|Any CPU = Release|Any CPU
	EndGlobalSection
	GlobalSection(ProjectConfigurationPlatforms) = postSolution
		{8EECC46C-B9B3-4C2F-B69B-9B919223CA59}.Debug|Any CPU.ActiveCfg = Debug|Any CPU
		{8EECC46C-B9B3-4C2F-B69B-9B919223CA59}.Debug|Any CPU.Build.0 = Debug|Any CPU
		{8EECC46C-B9B3-4C2F-B69B-9B919223CA59}.Release|Any CPU.ActiveCfg = Release|Any CPU
		{8EECC46C-B9B3-4C2F-B69B-9B919223CA59}.Release|Any CPU.Build.0 = Release|Any CPU
	EndGlobalSection
	GlobalSection(SolutionProperties) = preSolution
		HideSolutionNode = FALSE
	EndGlobalSection
	GlobalSection(ExtensibilityGlobals) = postSolution
		SolutionGuid = {FA953D91-481B-4ED1-BAA5-407843ACA85A}
	EndGlobalSection
EndGlobal
